
Microsoft Visual Studio Solution File, Format Version 12.00
# Visual Studio Version 16
VisualStudioVersion = 16.0.29709.97
MinimumVisualStudioVersion = 10.0.40219.1
Project("{9A19103F-16F7-4668-BE54-9A1E7A4F7556}") = "MVC_Practice", "MVC_Practice\MVC_Practice.csproj", "{B6878118-BA2A-4C29-A654-B91EAB3F647B}"
EndProject
Project("{9A19103F-16F7-4668-BE54-9A1E7A4F7556}") = "Service", "Service\Service.csproj", "{E4AC7B71-0BFE-4C46-84F4-DFC6479C264B}"
EndProject
Project("{9A19103F-16F7-4668-BE54-9A1E7A4F7556}") = "Repository", "Repository\Repository.csproj", "{AF314EBD-B9C2-4683-AC20-B1E1E4ACE7AF}"
EndProject
Project("{9A19103F-16F7-4668-BE54-9A1E7A4F7556}") = "Models", "Models\Models.csproj", "{7534B3E8-2C0B-4C8F-9F34-A08BB156E224}"
EndProject
Global
	GlobalSection(SolutionConfigurationPlatforms) = preSolution
		Debug|Any CPU = Debug|Any CPU
		Release|Any CPU = Release|Any CPU
	EndGlobalSection
	GlobalSection(ProjectConfigurationPlatforms) = postSolution
		{B6878118-BA2A-4C29-A654-B91EAB3F647B}.Debug|Any CPU.ActiveCfg = Debug|Any CPU
		{B6878118-BA2A-4C29-A654-B91EAB3F647B}.Debug|Any CPU.Build.0 = Debug|Any CPU
		{B6878118-BA2A-4C29-A654-B91EAB3F647B}.Release|Any CPU.ActiveCfg = Release|Any CPU
		{B6878118-BA2A-4C29-A654-B91EAB3F647B}.Release|Any CPU.Build.0 = Release|Any CPU
		{E4AC7B71-0BFE-4C46-84F4-DFC6479C264B}.Debug|Any CPU.ActiveCfg = Debug|Any CPU
		{E4AC7B71-0BFE-4C46-84F4-DFC6479C264B}.Debug|Any CPU.Build.0 = Debug|Any CPU
		{E4AC7B71-0BFE-4C46-84F4-DFC6479C264B}.Release|Any CPU.ActiveCfg = Release|Any CPU
		{E4AC7B71-0BFE-4C46-84F4-DFC6479C264B}.Release|Any CPU.Build.0 = Release|Any CPU
		{AF314EBD-B9C2-4683-AC20-B1E1E4ACE7AF}.Debug|Any CPU.ActiveCfg = Debug|Any CPU
		{AF314EBD-B9C2-4683-AC20-B1E1E4ACE7AF}.Debug|Any CPU.Build.0 = Debug|Any CPU
		{AF314EBD-B9C2-4683-AC20-B1E1E4ACE7AF}.Release|Any CPU.ActiveCfg = Release|Any CPU
		{AF314EBD-B9C2-4683-AC20-B1E1E4ACE7AF}.Release|Any CPU.Build.0 = Release|Any CPU
		{7534B3E8-2C0B-4C8F-9F34-A08BB156E224}.Debug|Any CPU.ActiveCfg = Debug|Any CPU
		{7534B3E8-2C0B-4C8F-9F34-A08BB156E224}.Debug|Any CPU.Build.0 = Debug|Any CPU
		{7534B3E8-2C0B-4C8F-9F34-A08BB156E224}.Release|Any CPU.ActiveCfg = Release|Any CPU
		{7534B3E8-2C0B-4C8F-9F34-A08BB156E224}.Release|Any CPU.Build.0 = Release|Any CPU
	EndGlobalSection
	GlobalSection(SolutionProperties) = preSolution
		HideSolutionNode = FALSE
	EndGlobalSection
	GlobalSection(ExtensibilityGlobals) = postSolution
		SolutionGuid = {EBFF7269-0A76-4C84-81E6-A280044ED827}
	EndGlobalSection
EndGlobal
