
Microsoft Visual Studio Solution File, Format Version 12.00
# Visual Studio Version 16
VisualStudioVersion = 16.0.29709.97
MinimumVisualStudioVersion = 10.0.40219.1
Project("{FAE04EC0-301F-11D3-BF4B-00C04F79EFBC}") = "MVC_Practice", "MVC_Practice\MVC_Practice.csproj", "{B6878118-BA2A-4C29-A654-B91EAB3F647B}"
EndProject
Global
	GlobalSection(SolutionConfigurationPlatforms) = preSolution
		Debug|Any CPU = Debug|Any CPU
		Release|Any CPU = Release|Any CPU
	EndGlobalSection
	GlobalSection(ProjectConfigurationPlatforms) = postSolution
		{B6878118-BA2A-4C29-A654-B91EAB3F647B}.Debug|Any CPU.ActiveCfg = Debug|Any CPU
		{B6878118-BA2A-4C29-A654-B91EAB3F647B}.Debug|Any CPU.Build.0 = Debug|Any CPU
		{B6878118-BA2A-4C29-A654-B91EAB3F647B}.Release|Any CPU.ActiveCfg = Release|Any CPU
		{B6878118-BA2A-4C29-A654-B91EAB3F647B}.Release|Any CPU.Build.0 = Release|Any CPU
	EndGlobalSection
	GlobalSection(SolutionProperties) = preSolution
		HideSolutionNode = FALSE
	EndGlobalSection
	GlobalSection(ExtensibilityGlobals) = postSolution
		SolutionGuid = {EBFF7269-0A76-4C84-81E6-A280044ED827}
	EndGlobalSection
EndGlobal
